// !$*UTF8*$!
{
	archiveVersion = 1;
	classes = {
	};
	objectVersion = 50;
	objects = {

/* Begin PBXBuildFile section */
		17CA967E246181BE007F33F7 /* AppDelegate.swift in Sources */ = {isa = PBXBuildFile; fileRef = 17CA967D246181BE007F33F7 /* AppDelegate.swift */; };
		17CA9680246181BE007F33F7 /* SceneDelegate.swift in Sources */ = {isa = PBXBuildFile; fileRef = 17CA967F246181BE007F33F7 /* SceneDelegate.swift */; };
		17CA9682246181BE007F33F7 /* ViewController.swift in Sources */ = {isa = PBXBuildFile; fileRef = 17CA9681246181BE007F33F7 /* ViewController.swift */; };
		17CA9685246181BE007F33F7 /* Main.storyboard in Resources */ = {isa = PBXBuildFile; fileRef = 17CA9683246181BE007F33F7 /* Main.storyboard */; };
		17CA9687246181BE007F33F7 /* Assets.xcassets in Resources */ = {isa = PBXBuildFile; fileRef = 17CA9686246181BE007F33F7 /* Assets.xcassets */; };
		17CA968A246181BE007F33F7 /* LaunchScreen.storyboard in Resources */ = {isa = PBXBuildFile; fileRef = 17CA9688246181BE007F33F7 /* LaunchScreen.storyboard */; };
		17CA9695246181BF007F33F7 /* CountTests.swift in Sources */ = {isa = PBXBuildFile; fileRef = 17CA9694246181BF007F33F7 /* CountTests.swift */; };
		17CA96A0246181BF007F33F7 /* CountUITests.swift in Sources */ = {isa = PBXBuildFile; fileRef = 17CA969F246181BF007F33F7 /* CountUITests.swift */; };
/* End PBXBuildFile section */

/* Begin PBXContainerItemProxy section */
		17CA9691246181BF007F33F7 /* PBXContainerItemProxy */ = {
			isa = PBXContainerItemProxy;
			containerPortal = 17CA9672246181BE007F33F7 /* Project object */;
			proxyType = 1;
			remoteGlobalIDString = 17CA9679246181BE007F33F7;
			remoteInfo = Count;
		};
		17CA969C246181BF007F33F7 /* PBXContainerItemProxy */ = {
			isa = PBXContainerItemProxy;
			containerPortal = 17CA9672246181BE007F33F7 /* Project object */;
			proxyType = 1;
			remoteGlobalIDString = 17CA9679246181BE007F33F7;
			remoteInfo = Count;
		};
/* End PBXContainerItemProxy section */

/* Begin PBXFileReference section */
		17CA967A246181BE007F33F7 /* Count.app */ = {isa = PBXFileReference; explicitFileType = wrapper.application; includeInIndex = 0; path = Count.app; sourceTree = BUILT_PRODUCTS_DIR; };
		17CA967D246181BE007F33F7 /* AppDelegate.swift */ = {isa = PBXFileReference; lastKnownFileType = sourcecode.swift; path = AppDelegate.swift; sourceTree = "<group>"; };
		17CA967F246181BE007F33F7 /* SceneDelegate.swift */ = {isa = PBXFileReference; lastKnownFileType = sourcecode.swift; path = SceneDelegate.swift; sourceTree = "<group>"; };
		17CA9681246181BE007F33F7 /* ViewController.swift */ = {isa = PBXFileReference; lastKnownFileType = sourcecode.swift; path = ViewController.swift; sourceTree = "<group>"; };
		17CA9684246181BE007F33F7 /* Base */ = {isa = PBXFileReference; lastKnownFileType = file.storyboard; name = Base; path = Base.lproj/Main.storyboard; sourceTree = "<group>"; };
		17CA9686246181BE007F33F7 /* Assets.xcassets */ = {isa = PBXFileReference; lastKnownFileType = folder.assetcatalog; path = Assets.xcassets; sourceTree = "<group>"; };
		17CA9689246181BE007F33F7 /* Base */ = {isa = PBXFileReference; lastKnownFileType = file.storyboard; name = Base; path = Base.lproj/LaunchScreen.storyboard; sourceTree = "<group>"; };
		17CA968B246181BE007F33F7 /* Info.plist */ = {isa = PBXFileReference; lastKnownFileType = text.plist.xml; path = Info.plist; sourceTree = "<group>"; };
		17CA9690246181BF007F33F7 /* CountTests.xctest */ = {isa = PBXFileReference; explicitFileType = wrapper.cfbundle; includeInIndex = 0; path = CountTests.xctest; sourceTree = BUILT_PRODUCTS_DIR; };
		17CA9694246181BF007F33F7 /* CountTests.swift */ = {isa = PBXFileReference; lastKnownFileType = sourcecode.swift; path = CountTests.swift; sourceTree = "<group>"; };
		17CA9696246181BF007F33F7 /* Info.plist */ = {isa = PBXFileReference; lastKnownFileType = text.plist.xml; path = Info.plist; sourceTree = "<group>"; };
		17CA969B246181BF007F33F7 /* CountUITests.xctest */ = {isa = PBXFileReference; explicitFileType = wrapper.cfbundle; includeInIndex = 0; path = CountUITests.xctest; sourceTree = BUILT_PRODUCTS_DIR; };
		17CA969F246181BF007F33F7 /* CountUITests.swift */ = {isa = PBXFileReference; lastKnownFileType = sourcecode.swift; path = CountUITests.swift; sourceTree = "<group>"; };
		17CA96A1246181BF007F33F7 /* Info.plist */ = {isa = PBXFileReference; lastKnownFileType = text.plist.xml; path = Info.plist; sourceTree = "<group>"; };
/* End PBXFileReference section */

/* Begin PBXFrameworksBuildPhase section */
		17CA9677246181BE007F33F7 /* Frameworks */ = {
			isa = PBXFrameworksBuildPhase;
			buildActionMask = 2147483647;
			files = (
			);
			runOnlyForDeploymentPostprocessing = 0;
		};
		17CA968D246181BF007F33F7 /* Frameworks */ = {
			isa = PBXFrameworksBuildPhase;
			buildActionMask = 2147483647;
			files = (
			);
			runOnlyForDeploymentPostprocessing = 0;
		};
		17CA9698246181BF007F33F7 /* Frameworks */ = {
			isa = PBXFrameworksBuildPhase;
			buildActionMask = 2147483647;
			files = (
			);
			runOnlyForDeploymentPostprocessing = 0;
		};
/* End PBXFrameworksBuildPhase section */

/* Begin PBXGroup section */
		17CA9671246181BE007F33F7 = {
			isa = PBXGroup;
			children = (
				17CA967C246181BE007F33F7 /* Count */,
				17CA9693246181BF007F33F7 /* CountTests */,
				17CA969E246181BF007F33F7 /* CountUITests */,
				17CA967B246181BE007F33F7 /* Products */,
			);
			sourceTree = "<group>";
		};
		17CA967B246181BE007F33F7 /* Products */ = {
			isa = PBXGroup;
			children = (
				17CA967A246181BE007F33F7 /* Count.app */,
				17CA9690246181BF007F33F7 /* CountTests.xctest */,
				17CA969B246181BF007F33F7 /* CountUITests.xctest */,
			);
			name = Products;
			sourceTree = "<group>";
		};
		17CA967C246181BE007F33F7 /* Count */ = {
			isa = PBXGroup;
			children = (
				17CA967D246181BE007F33F7 /* AppDelegate.swift */,
				17CA967F246181BE007F33F7 /* SceneDelegate.swift */,
				17CA9681246181BE007F33F7 /* ViewController.swift */,
				17CA9683246181BE007F33F7 /* Main.storyboard */,
				17CA9686246181BE007F33F7 /* Assets.xcassets */,
				17CA9688246181BE007F33F7 /* LaunchScreen.storyboard */,
				17CA968B246181BE007F33F7 /* Info.plist */,
			);
			path = Count;
			sourceTree = "<group>";
		};
		17CA9693246181BF007F33F7 /* CountTests */ = {
			isa = PBXGroup;
			children = (
				17CA9694246181BF007F33F7 /* CountTests.swift */,
				17CA9696246181BF007F33F7 /* Info.plist */,
			);
			path = CountTests;
			sourceTree = "<group>";
		};
		17CA969E246181BF007F33F7 /* CountUITests */ = {
			isa = PBXGroup;
			children = (
				17CA969F246181BF007F33F7 /* CountUITests.swift */,
				17CA96A1246181BF007F33F7 /* Info.plist */,
			);
			path = CountUITests;
			sourceTree = "<group>";
		};
/* End PBXGroup section */

/* Begin PBXNativeTarget section */
		17CA9679246181BE007F33F7 /* Count */ = {
			isa = PBXNativeTarget;
			buildConfigurationList = 17CA96A4246181BF007F33F7 /* Build configuration list for PBXNativeTarget "Count" */;
			buildPhases = (
				17CA9676246181BE007F33F7 /* Sources */,
				17CA9677246181BE007F33F7 /* Frameworks */,
				17CA9678246181BE007F33F7 /* Resources */,
			);
			buildRules = (
			);
			dependencies = (
			);
			name = Count;
			productName = Count;
			productReference = 17CA967A246181BE007F33F7 /* Count.app */;
			productType = "com.apple.product-type.application";
		};
		17CA968F246181BF007F33F7 /* CountTests */ = {
			isa = PBXNativeTarget;
			buildConfigurationList = 17CA96A7246181BF007F33F7 /* Build configuration list for PBXNativeTarget "CountTests" */;
			buildPhases = (
				17CA968C246181BF007F33F7 /* Sources */,
				17CA968D246181BF007F33F7 /* Frameworks */,
				17CA968E246181BF007F33F7 /* Resources */,
			);
			buildRules = (
			);
			dependencies = (
				17CA9692246181BF007F33F7 /* PBXTargetDependency */,
			);
			name = CountTests;
			productName = CountTests;
			productReference = 17CA9690246181BF007F33F7 /* CountTests.xctest */;
			productType = "com.apple.product-type.bundle.unit-test";
		};
		17CA969A246181BF007F33F7 /* CountUITests */ = {
			isa = PBXNativeTarget;
			buildConfigurationList = 17CA96AA246181BF007F33F7 /* Build configuration list for PBXNativeTarget "CountUITests" */;
			buildPhases = (
				17CA9697246181BF007F33F7 /* Sources */,
				17CA9698246181BF007F33F7 /* Frameworks */,
				17CA9699246181BF007F33F7 /* Resources */,
			);
			buildRules = (
			);
			dependencies = (
				17CA969D246181BF007F33F7 /* PBXTargetDependency */,
			);
			name = CountUITests;
			productName = CountUITests;
			productReference = 17CA969B246181BF007F33F7 /* CountUITests.xctest */;
			productType = "com.apple.product-type.bundle.ui-testing";
		};
/* End PBXNativeTarget section */

/* Begin PBXProject section */
		17CA9672246181BE007F33F7 /* Project object */ = {
			isa = PBXProject;
			attributes = {
				LastSwiftUpdateCheck = 1140;
				LastUpgradeCheck = 1140;
				ORGANIZATIONNAME = Takemura.assan;
				TargetAttributes = {
					17CA9679246181BE007F33F7 = {
						CreatedOnToolsVersion = 11.4.1;
					};
					17CA968F246181BF007F33F7 = {
						CreatedOnToolsVersion = 11.4.1;
						TestTargetID = 17CA9679246181BE007F33F7;
					};
					17CA969A246181BF007F33F7 = {
						CreatedOnToolsVersion = 11.4.1;
						TestTargetID = 17CA9679246181BE007F33F7;
					};
				};
			};
			buildConfigurationList = 17CA9675246181BE007F33F7 /* Build configuration list for PBXProject "Count" */;
			compatibilityVersion = "Xcode 9.3";
			developmentRegion = en;
			hasScannedForEncodings = 0;
			knownRegions = (
				en,
				Base,
			);
			mainGroup = 17CA9671246181BE007F33F7;
			productRefGroup = 17CA967B246181BE007F33F7 /* Products */;
			projectDirPath = "";
			projectRoot = "";
			targets = (
				17CA9679246181BE007F33F7 /* Count */,
				17CA968F246181BF007F33F7 /* CountTests */,
				17CA969A246181BF007F33F7 /* CountUITests */,
			);
		};
/* End PBXProject section */

/* Begin PBXResourcesBuildPhase section */
		17CA9678246181BE007F33F7 /* Resources */ = {
			isa = PBXResourcesBuildPhase;
			buildActionMask = 2147483647;
			files = (
				17CA968A246181BE007F33F7 /* LaunchScreen.storyboard in Resources */,
				17CA9687246181BE007F33F7 /* Assets.xcassets in Resources */,
				17CA9685246181BE007F33F7 /* Main.storyboard in Resources */,
			);
			runOnlyForDeploymentPostprocessing = 0;
		};
		17CA968E246181BF007F33F7 /* Resources */ = {
			isa = PBXResourcesBuildPhase;
			buildActionMask = 2147483647;
			files = (
			);
			runOnlyForDeploymentPostprocessing = 0;
		};
		17CA9699246181BF007F33F7 /* Resources */ = {
			isa = PBXResourcesBuildPhase;
			buildActionMask = 2147483647;
			files = (
			);
			runOnlyForDeploymentPostprocessing = 0;
		};
/* End PBXResourcesBuildPhase section */

/* Begin PBXSourcesBuildPhase section */
		17CA9676246181BE007F33F7 /* Sources */ = {
			isa = PBXSourcesBuildPhase;
			buildActionMask = 2147483647;
			files = (
				17CA9682246181BE007F33F7 /* ViewController.swift in Sources */,
				17CA967E246181BE007F33F7 /* AppDelegate.swift in Sources */,
				17CA9680246181BE007F33F7 /* SceneDelegate.swift in Sources */,
			);
			runOnlyForDeploymentPostprocessing = 0;
		};
		17CA968C246181BF007F33F7 /* Sources */ = {
			isa = PBXSourcesBuildPhase;
			buildActionMask = 2147483647;
			files = (
				17CA9695246181BF007F33F7 /* CountTests.swift in Sources */,
			);
			runOnlyForDeploymentPostprocessing = 0;
		};
		17CA9697246181BF007F33F7 /* Sources */ = {
			isa = PBXSourcesBuildPhase;
			buildActionMask = 2147483647;
			files = (
				17CA96A0246181BF007F33F7 /* CountUITests.swift in Sources */,
			);
			runOnlyForDeploymentPostprocessing = 0;
		};
/* End PBXSourcesBuildPhase section */

/* Begin PBXTargetDependency section */
		17CA9692246181BF007F33F7 /* PBXTargetDependency */ = {
			isa = PBXTargetDependency;
			target = 17CA9679246181BE007F33F7 /* Count */;
			targetProxy = 17CA9691246181BF007F33F7 /* PBXContainerItemProxy */;
		};
		17CA969D246181BF007F33F7 /* PBXTargetDependency */ = {
			isa = PBXTargetDependency;
			target = 17CA9679246181BE007F33F7 /* Count */;
			targetProxy = 17CA969C246181BF007F33F7 /* PBXContainerItemProxy */;
		};
/* End PBXTargetDependency section */

/* Begin PBXVariantGroup section */
		17CA9683246181BE007F33F7 /* Main.storyboard */ = {
			isa = PBXVariantGroup;
			children = (
				17CA9684246181BE007F33F7 /* Base */,
			);
			name = Main.storyboard;
			sourceTree = "<group>";
		};
		17CA9688246181BE007F33F7 /* LaunchScreen.storyboard */ = {
			isa = PBXVariantGroup;
			children = (
				17CA9689246181BE007F33F7 /* Base */,
			);
			name = LaunchScreen.storyboard;
			sourceTree = "<group>";
		};
/* End PBXVariantGroup section */

/* Begin XCBuildConfiguration section */
		17CA96A2246181BF007F33F7 /* Debug */ = {
			isa = XCBuildConfiguration;
			buildSettings = {
				ALWAYS_SEARCH_USER_PATHS = NO;
				CLANG_ANALYZER_NONNULL = YES;
				CLANG_ANALYZER_NUMBER_OBJECT_CONVERSION = YES_AGGRESSIVE;
				CLANG_CXX_LANGUAGE_STANDARD = "gnu++14";
				CLANG_CXX_LIBRARY = "libc++";
				CLANG_ENABLE_MODULES = YES;
				CLANG_ENABLE_OBJC_ARC = YES;
				CLANG_ENABLE_OBJC_WEAK = YES;
				CLANG_WARN_BLOCK_CAPTURE_AUTORELEASING = YES;
				CLANG_WARN_BOOL_CONVERSION = YES;
				CLANG_WARN_COMMA = YES;
				CLANG_WARN_CONSTANT_CONVERSION = YES;
				CLANG_WARN_DEPRECATED_OBJC_IMPLEMENTATIONS = YES;
				CLANG_WARN_DIRECT_OBJC_ISA_USAGE = YES_ERROR;
				CLANG_WARN_DOCUMENTATION_COMMENTS = YES;
				CLANG_WARN_EMPTY_BODY = YES;
				CLANG_WARN_ENUM_CONVERSION = YES;
				CLANG_WARN_INFINITE_RECURSION = YES;
				CLANG_WARN_INT_CONVERSION = YES;
				CLANG_WARN_NON_LITERAL_NULL_CONVERSION = YES;
				CLANG_WARN_OBJC_IMPLICIT_RETAIN_SELF = YES;
				CLANG_WARN_OBJC_LITERAL_CONVERSION = YES;
				CLANG_WARN_OBJC_ROOT_CLASS = YES_ERROR;
				CLANG_WARN_RANGE_LOOP_ANALYSIS = YES;
				CLANG_WARN_STRICT_PROTOTYPES = YES;
				CLANG_WARN_SUSPICIOUS_MOVE = YES;
				CLANG_WARN_UNGUARDED_AVAILABILITY = YES_AGGRESSIVE;
				CLANG_WARN_UNREACHABLE_CODE = YES;
				CLANG_WARN__DUPLICATE_METHOD_MATCH = YES;
				COPY_PHASE_STRIP = NO;
				DEBUG_INFORMATION_FORMAT = dwarf;
				ENABLE_STRICT_OBJC_MSGSEND = YES;
				ENABLE_TESTABILITY = YES;
				GCC_C_LANGUAGE_STANDARD = gnu11;
				GCC_DYNAMIC_NO_PIC = NO;
				GCC_NO_COMMON_BLOCKS = YES;
				GCC_OPTIMIZATION_LEVEL = 0;
				GCC_PREPROCESSOR_DEFINITIONS = (
					"DEBUG=1",
					"$(inherited)",
				);
				GCC_WARN_64_TO_32_BIT_CONVERSION = YES;
				GCC_WARN_ABOUT_RETURN_TYPE = YES_ERROR;
				GCC_WARN_UNDECLARED_SELECTOR = YES;
				GCC_WARN_UNINITIALIZED_AUTOS = YES_AGGRESSIVE;
				GCC_WARN_UNUSED_FUNCTION = YES;
				GCC_WARN_UNUSED_VARIABLE = YES;
				IPHONEOS_DEPLOYMENT_TARGET = 13.4;
				MTL_ENABLE_DEBUG_INFO = INCLUDE_SOURCE;
				MTL_FAST_MATH = YES;
				ONLY_ACTIVE_ARCH = YES;
				SDKROOT = iphoneos;
				SWIFT_ACTIVE_COMPILATION_CONDITIONS = DEBUG;
				SWIFT_OPTIMIZATION_LEVEL = "-Onone";
			};
			name = Debug;
		};
		17CA96A3246181BF007F33F7 /* Release */ = {
			isa = XCBuildConfiguration;
			buildSettings = {
				ALWAYS_SEARCH_USER_PATHS = NO;
				CLANG_ANALYZER_NONNULL = YES;
				CLANG_ANALYZER_NUMBER_OBJECT_CONVERSION = YES_AGGRESSIVE;
				CLANG_CXX_LANGUAGE_STANDARD = "gnu++14";
				CLANG_CXX_LIBRARY = "libc++";
				CLANG_ENABLE_MODULES = YES;
				CLANG_ENABLE_OBJC_ARC = YES;
				CLANG_ENABLE_OBJC_WEAK = YES;
				CLANG_WARN_BLOCK_CAPTURE_AUTORELEASING = YES;
				CLANG_WARN_BOOL_CONVERSION = YES;
				CLANG_WARN_COMMA = YES;
				CLANG_WARN_CONSTANT_CONVERSION = YES;
				CLANG_WARN_DEPRECATED_OBJC_IMPLEMENTATIONS = YES;
				CLANG_WARN_DIRECT_OBJC_ISA_USAGE = YES_ERROR;
				CLANG_WARN_DOCUMENTATION_COMMENTS = YES;
				CLANG_WARN_EMPTY_BODY = YES;
				CLANG_WARN_ENUM_CONVERSION = YES;
				CLANG_WARN_INFINITE_RECURSION = YES;
				CLANG_WARN_INT_CONVERSION = YES;
				CLANG_WARN_NON_LITERAL_NULL_CONVERSION = YES;
				CLANG_WARN_OBJC_IMPLICIT_RETAIN_SELF = YES;
				CLANG_WARN_OBJC_LITERAL_CONVERSION = YES;
				CLANG_WARN_OBJC_ROOT_CLASS = YES_ERROR;
				CLANG_WARN_RANGE_LOOP_ANALYSIS = YES;
				CLANG_WARN_STRICT_PROTOTYPES = YES;
				CLANG_WARN_SUSPICIOUS_MOVE = YES;
				CLANG_WARN_UNGUARDED_AVAILABILITY = YES_AGGRESSIVE;
				CLANG_WARN_UNREACHABLE_CODE = YES;
				CLANG_WARN__DUPLICATE_METHOD_MATCH = YES;
				COPY_PHASE_STRIP = NO;
				DEBUG_INFORMATION_FORMAT = "dwarf-with-dsym";
				ENABLE_NS_ASSERTIONS = NO;
				ENABLE_STRICT_OBJC_MSGSEND = YES;
				GCC_C_LANGUAGE_STANDARD = gnu11;
				GCC_NO_COMMON_BLOCKS = YES;
				GCC_WARN_64_TO_32_BIT_CONVERSION = YES;
				GCC_WARN_ABOUT_RETURN_TYPE = YES_ERROR;
				GCC_WARN_UNDECLARED_SELECTOR = YES;
				GCC_WARN_UNINITIALIZED_AUTOS = YES_AGGRESSIVE;
				GCC_WARN_UNUSED_FUNCTION = YES;
				GCC_WARN_UNUSED_VARIABLE = YES;
				IPHONEOS_DEPLOYMENT_TARGET = 13.4;
				MTL_ENABLE_DEBUG_INFO = NO;
				MTL_FAST_MATH = YES;
				SDKROOT = iphoneos;
				SWIFT_COMPILATION_MODE = wholemodule;
				SWIFT_OPTIMIZATION_LEVEL = "-O";
				VALIDATE_PRODUCT = YES;
			};
			name = Release;
		};
		17CA96A5246181BF007F33F7 /* Debug */ = {
			isa = XCBuildConfiguration;
			buildSettings = {
				ASSETCATALOG_COMPILER_APPICON_NAME = AppIcon;
				CODE_SIGN_STYLE = Automatic;
				INFOPLIST_FILE = Count/Info.plist;
				LD_RUNPATH_SEARCH_PATHS = (
					"$(inherited)",
					"@executable_path/Frameworks",
				);
				PRODUCT_BUNDLE_IDENTIFIER = app.takemura.assan.Count;
				PRODUCT_NAME = "$(TARGET_NAME)";
				SWIFT_VERSION = 5.0;
				TARGETED_DEVICE_FAMILY = "1,2";
			};
			name = Debug;
		};
		17CA96A6246181BF007F33F7 /* Release */ = {
			isa = XCBuildConfiguration;
			buildSettings = {
				ASSETCATALOG_COMPILER_APPICON_NAME = AppIcon;
				CODE_SIGN_STYLE = Automatic;
				INFOPLIST_FILE = Count/Info.plist;
				LD_RUNPATH_SEARCH_PATHS = (
					"$(inherited)",
					"@executable_path/Frameworks",
				);
				PRODUCT_BUNDLE_IDENTIFIER = app.takemura.assan.Count;
				PRODUCT_NAME = "$(TARGET_NAME)";
				SWIFT_VERSION = 5.0;
				TARGETED_DEVICE_FAMILY = "1,2";
			};
			name = Release;
		};
		17CA96A8246181BF007F33F7 /* Debug */ = {
			isa = XCBuildConfiguration;
			buildSettings = {
				ALWAYS_EMBED_SWIFT_STANDARD_LIBRARIES = YES;
				BUNDLE_LOADER = "$(TEST_HOST)";
				CODE_SIGN_STYLE = Automatic;
				INFOPLIST_FILE = CountTests/Info.plist;
				IPHONEOS_DEPLOYMENT_TARGET = 13.4;
				LD_RUNPATH_SEARCH_PATHS = (
					"$(inherited)",
					"@executable_path/Frameworks",
					"@loader_path/Frameworks",
				);
				PRODUCT_BUNDLE_IDENTIFIER = app.takemura.assan.CountTests;
				PRODUCT_NAME = "$(TARGET_NAME)";
				SWIFT_VERSION = 5.0;
				TARGETED_DEVICE_FAMILY = "1,2";
				TEST_HOST = "$(BUILT_PRODUCTS_DIR)/Count.app/Count";
			};
			name = Debug;
		};
		17CA96A9246181BF007F33F7 /* Release */ = {
			isa = XCBuildConfiguration;
			buildSettings = {
				ALWAYS_EMBED_SWIFT_STANDARD_LIBRARIES = YES;
				BUNDLE_LOADER = "$(TEST_HOST)";
				CODE_SIGN_STYLE = Automatic;
				INFOPLIST_FILE = CountTests/Info.plist;
				IPHONEOS_DEPLOYMENT_TARGET = 13.4;
				LD_RUNPATH_SEARCH_PATHS = (
					"$(inherited)",
					"@executable_path/Frameworks",
					"@loader_path/Frameworks",
				);
				PRODUCT_BUNDLE_IDENTIFIER = app.takemura.assan.CountTests;
				PRODUCT_NAME = "$(TARGET_NAME)";
				SWIFT_VERSION = 5.0;
				TARGETED_DEVICE_FAMILY = "1,2";
				TEST_HOST = "$(BUILT_PRODUCTS_DIR)/Count.app/Count";
			};
			name = Release;
		};
		17CA96AB246181BF007F33F7 /* Debug */ = {
			isa = XCBuildConfiguration;
			buildSettings = {
				ALWAYS_EMBED_SWIFT_STANDARD_LIBRARIES = YES;
				CODE_SIGN_STYLE = Automatic;
				INFOPLIST_FILE = CountUITests/Info.plist;
				LD_RUNPATH_SEARCH_PATHS = (
					"$(inherited)",
					"@executable_path/Frameworks",
					"@loader_path/Frameworks",
				);
				PRODUCT_BUNDLE_IDENTIFIER = app.takemura.assan.CountUITests;
				PRODUCT_NAME = "$(TARGET_NAME)";
				SWIFT_VERSION = 5.0;
				TARGETED_DEVICE_FAMILY = "1,2";
				TEST_TARGET_NAME = Count;
			};
			name = Debug;
		};
		17CA96AC246181BF007F33F7 /* Release */ = {
			isa = XCBuildConfiguration;
			buildSettings = {
				ALWAYS_EMBED_SWIFT_STANDARD_LIBRARIES = YES;
				CODE_SIGN_STYLE = Automatic;
				INFOPLIST_FILE = CountUITests/Info.plist;
				LD_RUNPATH_SEARCH_PATHS = (
					"$(inherited)",
					"@executable_path/Frameworks",
					"@loader_path/Frameworks",
				);
				PRODUCT_BUNDLE_IDENTIFIER = app.takemura.assan.CountUITests;
				PRODUCT_NAME = "$(TARGET_NAME)";
				SWIFT_VERSION = 5.0;
				TARGETED_DEVICE_FAMILY = "1,2";
				TEST_TARGET_NAME = Count;
			};
			name = Release;
		};
/* End XCBuildConfiguration section */

/* Begin XCConfigurationList section */
		17CA9675246181BE007F33F7 /* Build configuration list for PBXProject "Count" */ = {
			isa = XCConfigurationList;
			buildConfigurations = (
				17CA96A2246181BF007F33F7 /* Debug */,
				17CA96A3246181BF007F33F7 /* Release */,
			);
			defaultConfigurationIsVisible = 0;
			defaultConfigurationName = Release;
		};
		17CA96A4246181BF007F33F7 /* Build configuration list for PBXNativeTarget "Count" */ = {
			isa = XCConfigurationList;
			buildConfigurations = (
				17CA96A5246181BF007F33F7 /* Debug */,
				17CA96A6246181BF007F33F7 /* Release */,
			);
			defaultConfigurationIsVisible = 0;
			defaultConfigurationName = Release;
		};
		17CA96A7246181BF007F33F7 /* Build configuration list for PBXNativeTarget "CountTests" */ = {
			isa = XCConfigurationList;
			buildConfigurations = (
				17CA96A8246181BF007F33F7 /* Debug */,
				17CA96A9246181BF007F33F7 /* Release */,
			);
			defaultConfigurationIsVisible = 0;
			defaultConfigurationName = Release;
		};
		17CA96AA246181BF007F33F7 /* Build configuration list for PBXNativeTarget "CountUITests" */ = {
			isa = XCConfigurationList;
			buildConfigurations = (
				17CA96AB246181BF007F33F7 /* Debug */,
				17CA96AC246181BF007F33F7 /* Release */,
			);
			defaultConfigurationIsVisible = 0;
			defaultConfigurationName = Release;
		};
/* End XCConfigurationList section */
	};
	rootObject = 17CA9672246181BE007F33F7 /* Project object */;
}
